// !$*UTF8*$!
{
	archiveVersion = 1;
	classes = {
	};
	objectVersion = 48;
	objects = {

/* Begin PBXBuildFile section */
		0401ED492153C51E00D5A2EA /* VerticallCollectionViewCell.swift in Sources */ = {isa = PBXBuildFile; fileRef = 0401ED472153C51E00D5A2EA /* VerticallCollectionViewCell.swift */; };
		0401ED4A2153C51E00D5A2EA /* VerticallCollectionViewCell.xib in Resources */ = {isa = PBXBuildFile; fileRef = 0401ED482153C51E00D5A2EA /* VerticallCollectionViewCell.xib */; };
		040A30302154E08900550BF3 /* StringConstans.swift in Sources */ = {isa = PBXBuildFile; fileRef = 040A302F2154DB8B00550BF3 /* StringConstans.swift */; };
		04118AD0215961E8000C3AF3 /* HeaderView.swift in Sources */ = {isa = PBXBuildFile; fileRef = 04118ACF215961E8000C3AF3 /* HeaderView.swift */; };
		04118AD2215961F7000C3AF3 /* HeaderView.xib in Resources */ = {isa = PBXBuildFile; fileRef = 04118AD1215961F7000C3AF3 /* HeaderView.xib */; };
		0412D1CB21025FED00FC6D99 /* MapKit.framework in Frameworks */ = {isa = PBXBuildFile; fileRef = 0412D1CA21025FED00FC6D99 /* MapKit.framework */; };
		041B5A4D2164C17800E0ED84 /* ApiHourlyWeather.swift in Sources */ = {isa = PBXBuildFile; fileRef = 041B5A4C2164C17800E0ED84 /* ApiHourlyWeather.swift */; };
		0426AD85216255F50083E452 /* Utils.swift in Sources */ = {isa = PBXBuildFile; fileRef = 0426AD84216255F50083E452 /* Utils.swift */; };
		042A89A520E1155A0090861A /* DBManager.swift in Sources */ = {isa = PBXBuildFile; fileRef = 042A89A420E1155A0090861A /* DBManager.swift */; };
		042EFB0320DBB472003B7A10 /* ApiWeather.swift in Sources */ = {isa = PBXBuildFile; fileRef = 042EFB0220DBB472003B7A10 /* ApiWeather.swift */; };
		042EFB0B20DBBE74003B7A10 /* WeatherForecast.swift in Sources */ = {isa = PBXBuildFile; fileRef = 042EFB0820DBBD7F003B7A10 /* WeatherForecast.swift */; };
		0432D5A8211DA0B100522406 /* Assets in Resources */ = {isa = PBXBuildFile; fileRef = 0432D5A7211DA0B100522406 /* Assets */; };
		0432D5BB211DA17300522406 /* 50n.mp4 in Resources */ = {isa = PBXBuildFile; fileRef = 0432D5A9211DA16F00522406 /* 50n.mp4 */; };
		0432D5BC211DA17300522406 /* 13n.mp4 in Resources */ = {isa = PBXBuildFile; fileRef = 0432D5AA211DA17000522406 /* 13n.mp4 */; };
		0432D5BD211DA17300522406 /* 04d.mp4 in Resources */ = {isa = PBXBuildFile; fileRef = 0432D5AB211DA17000522406 /* 04d.mp4 */; };
		0432D5BE211DA17300522406 /* 04n.mp4 in Resources */ = {isa = PBXBuildFile; fileRef = 0432D5AC211DA17000522406 /* 04n.mp4 */; };
		0432D5BF211DA17300522406 /* 11n.mp4 in Resources */ = {isa = PBXBuildFile; fileRef = 0432D5AD211DA17000522406 /* 11n.mp4 */; };
		0432D5C0211DA17300522406 /* 10n.mp4 in Resources */ = {isa = PBXBuildFile; fileRef = 0432D5AE211DA17000522406 /* 10n.mp4 */; };
		0432D5C1211DA17300522406 /* 01d.mp4 in Resources */ = {isa = PBXBuildFile; fileRef = 0432D5AF211DA17100522406 /* 01d.mp4 */; };
		0432D5C2211DA17300522406 /* 11d.mp4 in Resources */ = {isa = PBXBuildFile; fileRef = 0432D5B0211DA17100522406 /* 11d.mp4 */; };
		0432D5C3211DA17300522406 /* 03d.mp4 in Resources */ = {isa = PBXBuildFile; fileRef = 0432D5B1211DA17100522406 /* 03d.mp4 */; };
		0432D5C4211DA17300522406 /* 13d.mp4 in Resources */ = {isa = PBXBuildFile; fileRef = 0432D5B2211DA17100522406 /* 13d.mp4 */; };
		0432D5C5211DA17300522406 /* 50d.mp4 in Resources */ = {isa = PBXBuildFile; fileRef = 0432D5B3211DA17100522406 /* 50d.mp4 */; };
		0432D5C6211DA17300522406 /* 03n.mp4 in Resources */ = {isa = PBXBuildFile; fileRef = 0432D5B4211DA17100522406 /* 03n.mp4 */; };
		0432D5C7211DA17300522406 /* 09d.mp4 in Resources */ = {isa = PBXBuildFile; fileRef = 0432D5B5211DA17200522406 /* 09d.mp4 */; };
		0432D5C8211DA17300522406 /* 02n.mp4 in Resources */ = {isa = PBXBuildFile; fileRef = 0432D5B6211DA17200522406 /* 02n.mp4 */; };
		0432D5C9211DA17300522406 /* 10d.mp4 in Resources */ = {isa = PBXBuildFile; fileRef = 0432D5B7211DA17200522406 /* 10d.mp4 */; };
		0432D5CA211DA17300522406 /* 01n.mp4 in Resources */ = {isa = PBXBuildFile; fileRef = 0432D5B8211DA17200522406 /* 01n.mp4 */; };
		0432D5CB211DA17300522406 /* 02d.mp4 in Resources */ = {isa = PBXBuildFile; fileRef = 0432D5B9211DA17300522406 /* 02d.mp4 */; };
		0432D5CC211DA17300522406 /* 09n.mp4 in Resources */ = {isa = PBXBuildFile; fileRef = 0432D5BA211DA17300522406 /* 09n.mp4 */; };
		0432D5CE211DEE4E00522406 /* CityListViewController.swift in Sources */ = {isa = PBXBuildFile; fileRef = 0432D5CD211DEE4E00522406 /* CityListViewController.swift */; };
		0432D5D0211DEE9B00522406 /* CityTableViewCell.swift in Sources */ = {isa = PBXBuildFile; fileRef = 0432D5CF211DEE9B00522406 /* CityTableViewCell.swift */; };
		043F3DEF20FFBF4E0006909B /* CoreLocation.framework in Frameworks */ = {isa = PBXBuildFile; fileRef = 043F3DEE20FFBF4E0006909B /* CoreLocation.framework */; };
		04496C7020E53F230054EBED /* InfoViewController.swift in Sources */ = {isa = PBXBuildFile; fileRef = 04496C6F20E53F230054EBED /* InfoViewController.swift */; };
		04516FF1211F794900F62609 /* MainViewController.swift in Sources */ = {isa = PBXBuildFile; fileRef = 04516FF0211F794900F62609 /* MainViewController.swift */; };
		04546C9820CBC974003D41C4 /* AppDelegate.swift in Sources */ = {isa = PBXBuildFile; fileRef = 04546C9720CBC974003D41C4 /* AppDelegate.swift */; };
		04546C9F20CBC974003D41C4 /* Assets.xcassets in Resources */ = {isa = PBXBuildFile; fileRef = 04546C9E20CBC974003D41C4 /* Assets.xcassets */; };
		04546CAD20CBC974003D41C4 /* WeatherAppTests.swift in Sources */ = {isa = PBXBuildFile; fileRef = 04546CAC20CBC974003D41C4 /* WeatherAppTests.swift */; };
		04546CB820CBC974003D41C4 /* WeatherAppUITests.swift in Sources */ = {isa = PBXBuildFile; fileRef = 04546CB720CBC974003D41C4 /* WeatherAppUITests.swift */; };
		046C0D67216651B500127897 /* CustomButton.swift in Sources */ = {isa = PBXBuildFile; fileRef = 046C0D66216651B500127897 /* CustomButton.swift */; };
		046DC79B210771E5006B31D4 /* TemperatureFormatter.swift in Sources */ = {isa = PBXBuildFile; fileRef = 046DC79A210771E5006B31D4 /* TemperatureFormatter.swift */; };
		04C0B848210747E0008B208B /* LaunchScreen.storyboard in Resources */ = {isa = PBXBuildFile; fileRef = 04C0B846210747E0008B208B /* LaunchScreen.storyboard */; };
		04C0B84B210747F5008B208B /* Main.storyboard in Resources */ = {isa = PBXBuildFile; fileRef = 04C0B849210747F5008B208B /* Main.storyboard */; };
		04DB690D2163776200700B66 /* HourlyHeaderView.swift in Sources */ = {isa = PBXBuildFile; fileRef = 04DB690C2163776200700B66 /* HourlyHeaderView.swift */; };
		04DB690F2163777F00700B66 /* HourlyHeaderView.xib in Resources */ = {isa = PBXBuildFile; fileRef = 04DB690E2163777F00700B66 /* HourlyHeaderView.xib */; };
		04EA36D8215136A100A63F34 /* DayOfWeeks.swift in Sources */ = {isa = PBXBuildFile; fileRef = 04EA36D7215136A100A63F34 /* DayOfWeeks.swift */; };
		04EA36DA2151370F00A63F34 /* SheduleNotification.swift in Sources */ = {isa = PBXBuildFile; fileRef = 04EA36D92151370F00A63F34 /* SheduleNotification.swift */; };
		04EA36E121515D7C00A63F34 /* HorizontalCollectionViewCell.swift in Sources */ = {isa = PBXBuildFile; fileRef = 04EA36DF21515D7C00A63F34 /* HorizontalCollectionViewCell.swift */; };
		04EA36E221515D7C00A63F34 /* HorizontalCollectionViewCell.xib in Resources */ = {isa = PBXBuildFile; fileRef = 04EA36E021515D7C00A63F34 /* HorizontalCollectionViewCell.xib */; };
		04F6976E21522DA200DC393C /* CustomCollectionView.xib in Resources */ = {isa = PBXBuildFile; fileRef = 04F6976D21522DA200DC393C /* CustomCollectionView.xib */; };
		04F6977021522DB800DC393C /* CustomCollectionView.swift in Sources */ = {isa = PBXBuildFile; fileRef = 04F6976F21522DB800DC393C /* CustomCollectionView.swift */; };
		04F8DCDC20E1772400DD5F27 /* .gitignore in Resources */ = {isa = PBXBuildFile; fileRef = 04F8DCDB20E1772400DD5F27 /* .gitignore */; };
		43CAF37598C089DEFEE046DA /* Pods_WeatherAppUITests.framework in Frameworks */ = {isa = PBXBuildFile; fileRef = 864CF8E83F70649D703AFA4C /* Pods_WeatherAppUITests.framework */; };
		4491B76DE477A0382DE664ED /* Pods_WeatherApp.framework in Frameworks */ = {isa = PBXBuildFile; fileRef = 3C480C1248CF565B8E755F38 /* Pods_WeatherApp.framework */; };
		E1C94BF7D4918758096EC7FC /* Pods_WeatherAppTests.framework in Frameworks */ = {isa = PBXBuildFile; fileRef = 0243EA6F61860DE1E03C2BCB /* Pods_WeatherAppTests.framework */; };
		FA2D9F23216B5B0B00CF2E9C /* HourlyTableViewCell.swift in Sources */ = {isa = PBXBuildFile; fileRef = FA2D9F22216B5B0B00CF2E9C /* HourlyTableViewCell.swift */; };
		FA7D8E4F2188873300CA5165 /* WeatherForecastDecodable.swift in Sources */ = {isa = PBXBuildFile; fileRef = FA7D8E4E2188873300CA5165 /* WeatherForecastDecodable.swift */; };
		FA7D8E512188878D00CA5165 /* CityDecodable.swift in Sources */ = {isa = PBXBuildFile; fileRef = FA7D8E502188878D00CA5165 /* CityDecodable.swift */; };
		FA7D8E53218887E600CA5165 /* ListDecodable.swift in Sources */ = {isa = PBXBuildFile; fileRef = FA7D8E52218887E600CA5165 /* ListDecodable.swift */; };
		FA7D8E552188880800CA5165 /* TempDecodable.swift in Sources */ = {isa = PBXBuildFile; fileRef = FA7D8E542188880800CA5165 /* TempDecodable.swift */; };
		FA7D8E572188882600CA5165 /* WeatherDecodable.swift in Sources */ = {isa = PBXBuildFile; fileRef = FA7D8E562188882600CA5165 /* WeatherDecodable.swift */; };
		FA7D8E592188883F00CA5165 /* CoordDecodable.swift in Sources */ = {isa = PBXBuildFile; fileRef = FA7D8E582188883F00CA5165 /* CoordDecodable.swift */; };
		FA7EEA612179EA2800F820CD /* Location.swift in Sources */ = {isa = PBXBuildFile; fileRef = FA7EEA602179EA2800F820CD /* Location.swift */; };
		FA7EEA632179EA3400F820CD /* Weather.swift in Sources */ = {isa = PBXBuildFile; fileRef = FA7EEA622179EA3400F820CD /* Weather.swift */; };
		FA7EEA672179EA6C00F820CD /* WeatherHourlyMainModel.swift in Sources */ = {isa = PBXBuildFile; fileRef = FA7EEA662179EA6C00F820CD /* WeatherHourlyMainModel.swift */; };
		FA7EEA69217A405700F820CD /* CoreDataManager.swift in Sources */ = {isa = PBXBuildFile; fileRef = FA7EEA68217A405700F820CD /* CoreDataManager.swift */; };
		FADFEA6C216DE4D20041360B /* HourlyTableViewCell.xib in Resources */ = {isa = PBXBuildFile; fileRef = FADFEA6A216DE4D20041360B /* HourlyTableViewCell.xib */; };
		FADFEA6E216E000E0041360B /* ListH.swift in Sources */ = {isa = PBXBuildFile; fileRef = FADFEA6D216E000E0041360B /* ListH.swift */; };
		FADFEA70216E004C0041360B /* MainHourly.swift in Sources */ = {isa = PBXBuildFile; fileRef = FADFEA6F216E004C0041360B /* MainHourly.swift */; };
		FADFEA72216E00800041360B /* WeatherH.swift in Sources */ = {isa = PBXBuildFile; fileRef = FADFEA71216E00800041360B /* WeatherH.swift */; };
/* End PBXBuildFile section */

/* Begin PBXContainerItemProxy section */
		04546CA920CBC974003D41C4 /* PBXContainerItemProxy */ = {
			isa = PBXContainerItemProxy;
			containerPortal = 04546C8C20CBC974003D41C4 /* Project object */;
			proxyType = 1;
			remoteGlobalIDString = 04546C9320CBC974003D41C4;
			remoteInfo = WeatherApp;
		};
		04546CB420CBC974003D41C4 /* PBXContainerItemProxy */ = {
			isa = PBXContainerItemProxy;
			containerPortal = 04546C8C20CBC974003D41C4 /* Project object */;
			proxyType = 1;
			remoteGlobalIDString = 04546C9320CBC974003D41C4;
			remoteInfo = WeatherApp;
		};
/* End PBXContainerItemProxy section */

/* Begin PBXFileReference section */
		0243EA6F61860DE1E03C2BCB /* Pods_WeatherAppTests.framework */ = {isa = PBXFileReference; explicitFileType = wrapper.framework; includeInIndex = 0; path = Pods_WeatherAppTests.framework; sourceTree = BUILT_PRODUCTS_DIR; };
		0401ED472153C51E00D5A2EA /* VerticallCollectionViewCell.swift */ = {isa = PBXFileReference; lastKnownFileType = sourcecode.swift; path = VerticallCollectionViewCell.swift; sourceTree = "<group>"; };
		0401ED482153C51E00D5A2EA /* VerticallCollectionViewCell.xib */ = {isa = PBXFileReference; lastKnownFileType = file.xib; path = VerticallCollectionViewCell.xib; sourceTree = "<group>"; };
		040A302F2154DB8B00550BF3 /* StringConstans.swift */ = {isa = PBXFileReference; lastKnownFileType = sourcecode.swift; path = StringConstans.swift; sourceTree = "<group>"; };
		04118ACF215961E8000C3AF3 /* HeaderView.swift */ = {isa = PBXFileReference; lastKnownFileType = sourcecode.swift; path = HeaderView.swift; sourceTree = "<group>"; };
		04118AD1215961F7000C3AF3 /* HeaderView.xib */ = {isa = PBXFileReference; lastKnownFileType = file.xib; path = HeaderView.xib; sourceTree = "<group>"; };
		0412D1C821025F0F00FC6D99 /* ReachabilitySwift.framework */ = {isa = PBXFileReference; explicitFileType = wrapper.framework; path = ReachabilitySwift.framework; sourceTree = BUILT_PRODUCTS_DIR; };
		0412D1CA21025FED00FC6D99 /* MapKit.framework */ = {isa = PBXFileReference; lastKnownFileType = wrapper.framework; name = MapKit.framework; path = System/Library/Frameworks/MapKit.framework; sourceTree = SDKROOT; };
		041B5A4C2164C17800E0ED84 /* ApiHourlyWeather.swift */ = {isa = PBXFileReference; lastKnownFileType = sourcecode.swift; path = ApiHourlyWeather.swift; sourceTree = "<group>"; };
		0426AD84216255F50083E452 /* Utils.swift */ = {isa = PBXFileReference; lastKnownFileType = sourcecode.swift; path = Utils.swift; sourceTree = "<group>"; };
		042A89A420E1155A0090861A /* DBManager.swift */ = {isa = PBXFileReference; lastKnownFileType = sourcecode.swift; path = DBManager.swift; sourceTree = "<group>"; };
		042EFB0220DBB472003B7A10 /* ApiWeather.swift */ = {isa = PBXFileReference; lastKnownFileType = sourcecode.swift; path = ApiWeather.swift; sourceTree = "<group>"; };
		042EFB0820DBBD7F003B7A10 /* WeatherForecast.swift */ = {isa = PBXFileReference; lastKnownFileType = sourcecode.swift; path = WeatherForecast.swift; sourceTree = "<group>"; };
		0432D5A7211DA0B100522406 /* Assets */ = {isa = PBXFileReference; lastKnownFileType = folder; path = Assets; sourceTree = SOURCE_ROOT; };
		0432D5A9211DA16F00522406 /* 50n.mp4 */ = {isa = PBXFileReference; lastKnownFileType = file; name = 50n.mp4; path = Assets/50n.mp4; sourceTree = "<group>"; };
		0432D5AA211DA17000522406 /* 13n.mp4 */ = {isa = PBXFileReference; lastKnownFileType = file; name = 13n.mp4; path = Assets/13n.mp4; sourceTree = "<group>"; };
		0432D5AB211DA17000522406 /* 04d.mp4 */ = {isa = PBXFileReference; lastKnownFileType = file; name = 04d.mp4; path = Assets/04d.mp4; sourceTree = "<group>"; };
		0432D5AC211DA17000522406 /* 04n.mp4 */ = {isa = PBXFileReference; lastKnownFileType = file; name = 04n.mp4; path = Assets/04n.mp4; sourceTree = "<group>"; };
		0432D5AD211DA17000522406 /* 11n.mp4 */ = {isa = PBXFileReference; lastKnownFileType = file; name = 11n.mp4; path = Assets/11n.mp4; sourceTree = "<group>"; };
		0432D5AE211DA17000522406 /* 10n.mp4 */ = {isa = PBXFileReference; lastKnownFileType = file; name = 10n.mp4; path = Assets/10n.mp4; sourceTree = "<group>"; };
		0432D5AF211DA17100522406 /* 01d.mp4 */ = {isa = PBXFileReference; lastKnownFileType = file; name = 01d.mp4; path = Assets/01d.mp4; sourceTree = "<group>"; };
		0432D5B0211DA17100522406 /* 11d.mp4 */ = {isa = PBXFileReference; lastKnownFileType = file; name = 11d.mp4; path = Assets/11d.mp4; sourceTree = "<group>"; };
		0432D5B1211DA17100522406 /* 03d.mp4 */ = {isa = PBXFileReference; lastKnownFileType = file; name = 03d.mp4; path = Assets/03d.mp4; sourceTree = "<group>"; };
		0432D5B2211DA17100522406 /* 13d.mp4 */ = {isa = PBXFileReference; lastKnownFileType = file; name = 13d.mp4; path = Assets/13d.mp4; sourceTree = "<group>"; };
		0432D5B3211DA17100522406 /* 50d.mp4 */ = {isa = PBXFileReference; lastKnownFileType = file; name = 50d.mp4; path = Assets/50d.mp4; sourceTree = "<group>"; };
		0432D5B4211DA17100522406 /* 03n.mp4 */ = {isa = PBXFileReference; lastKnownFileType = file; name = 03n.mp4; path = Assets/03n.mp4; sourceTree = "<group>"; };
		0432D5B5211DA17200522406 /* 09d.mp4 */ = {isa = PBXFileReference; lastKnownFileType = file; name = 09d.mp4; path = Assets/09d.mp4; sourceTree = "<group>"; };
		0432D5B6211DA17200522406 /* 02n.mp4 */ = {isa = PBXFileReference; lastKnownFileType = file; name = 02n.mp4; path = Assets/02n.mp4; sourceTree = "<group>"; };
		0432D5B7211DA17200522406 /* 10d.mp4 */ = {isa = PBXFileReference; lastKnownFileType = file; name = 10d.mp4; path = Assets/10d.mp4; sourceTree = "<group>"; };
		0432D5B8211DA17200522406 /* 01n.mp4 */ = {isa = PBXFileReference; lastKnownFileType = file; name = 01n.mp4; path = Assets/01n.mp4; sourceTree = "<group>"; };
		0432D5B9211DA17300522406 /* 02d.mp4 */ = {isa = PBXFileReference; lastKnownFileType = file; name = 02d.mp4; path = Assets/02d.mp4; sourceTree = "<group>"; };
		0432D5BA211DA17300522406 /* 09n.mp4 */ = {isa = PBXFileReference; lastKnownFileType = file; name = 09n.mp4; path = Assets/09n.mp4; sourceTree = "<group>"; };
		0432D5CD211DEE4E00522406 /* CityListViewController.swift */ = {isa = PBXFileReference; lastKnownFileType = sourcecode.swift; path = CityListViewController.swift; sourceTree = "<group>"; };
		0432D5CF211DEE9B00522406 /* CityTableViewCell.swift */ = {isa = PBXFileReference; lastKnownFileType = sourcecode.swift; path = CityTableViewCell.swift; sourceTree = "<group>"; };
		043F3DEE20FFBF4E0006909B /* CoreLocation.framework */ = {isa = PBXFileReference; lastKnownFileType = wrapper.framework; name = CoreLocation.framework; path = System/Library/Frameworks/CoreLocation.framework; sourceTree = SDKROOT; };
		043F3DF120FFBF740006909B /* RealmSwift.framework */ = {isa = PBXFileReference; explicitFileType = wrapper.framework; path = RealmSwift.framework; sourceTree = BUILT_PRODUCTS_DIR; };
		04496C6F20E53F230054EBED /* InfoViewController.swift */ = {isa = PBXFileReference; lastKnownFileType = sourcecode.swift; path = InfoViewController.swift; sourceTree = "<group>"; };
		04516FF0211F794900F62609 /* MainViewController.swift */ = {isa = PBXFileReference; lastKnownFileType = sourcecode.swift; path = MainViewController.swift; sourceTree = "<group>"; };
		04546C9420CBC974003D41C4 /* WeatherApp.app */ = {isa = PBXFileReference; explicitFileType = wrapper.application; includeInIndex = 0; path = WeatherApp.app; sourceTree = BUILT_PRODUCTS_DIR; };
		04546C9720CBC974003D41C4 /* AppDelegate.swift */ = {isa = PBXFileReference; lastKnownFileType = sourcecode.swift; path = AppDelegate.swift; sourceTree = "<group>"; };
		04546C9E20CBC974003D41C4 /* Assets.xcassets */ = {isa = PBXFileReference; lastKnownFileType = folder.assetcatalog; path = Assets.xcassets; sourceTree = "<group>"; };
		04546CA320CBC974003D41C4 /* Info.plist */ = {isa = PBXFileReference; lastKnownFileType = text.plist.xml; path = Info.plist; sourceTree = "<group>"; };
		04546CA820CBC974003D41C4 /* WeatherAppTests.xctest */ = {isa = PBXFileReference; explicitFileType = wrapper.cfbundle; includeInIndex = 0; path = WeatherAppTests.xctest; sourceTree = BUILT_PRODUCTS_DIR; };
		04546CAC20CBC974003D41C4 /* WeatherAppTests.swift */ = {isa = PBXFileReference; lastKnownFileType = sourcecode.swift; path = WeatherAppTests.swift; sourceTree = "<group>"; };
		04546CAE20CBC974003D41C4 /* Info.plist */ = {isa = PBXFileReference; lastKnownFileType = text.plist.xml; path = Info.plist; sourceTree = "<group>"; };
		04546CB320CBC974003D41C4 /* WeatherAppUITests.xctest */ = {isa = PBXFileReference; explicitFileType = wrapper.cfbundle; includeInIndex = 0; path = WeatherAppUITests.xctest; sourceTree = BUILT_PRODUCTS_DIR; };
		04546CB720CBC974003D41C4 /* WeatherAppUITests.swift */ = {isa = PBXFileReference; lastKnownFileType = sourcecode.swift; path = WeatherAppUITests.swift; sourceTree = "<group>"; };
		04546CB920CBC974003D41C4 /* Info.plist */ = {isa = PBXFileReference; lastKnownFileType = text.plist.xml; path = Info.plist; sourceTree = "<group>"; };
		046C0D66216651B500127897 /* CustomButton.swift */ = {isa = PBXFileReference; lastKnownFileType = sourcecode.swift; path = CustomButton.swift; sourceTree = "<group>"; };
		046DC79A210771E5006B31D4 /* TemperatureFormatter.swift */ = {isa = PBXFileReference; lastKnownFileType = sourcecode.swift; path = TemperatureFormatter.swift; sourceTree = "<group>"; };
		047528F62110926A008A7BB9 /* en */ = {isa = PBXFileReference; lastKnownFileType = text.plist.strings; name = en; path = en.lproj/Main.strings; sourceTree = "<group>"; };
		047528F821109271008A7BB9 /* en */ = {isa = PBXFileReference; lastKnownFileType = text.plist.strings; name = en; path = en.lproj/LaunchScreen.strings; sourceTree = "<group>"; };
		04C0B847210747E0008B208B /* Base */ = {isa = PBXFileReference; lastKnownFileType = file.storyboard; name = Base; path = Base.lproj/LaunchScreen.storyboard; sourceTree = "<group>"; };
		04C0B84A210747F5008B208B /* Base */ = {isa = PBXFileReference; lastKnownFileType = file.storyboard; name = Base; path = Base.lproj/Main.storyboard; sourceTree = "<group>"; };
		04C0B84E210748FE008B208B /* uk */ = {isa = PBXFileReference; lastKnownFileType = text.plist.strings; name = uk; path = uk.lproj/Main.strings; sourceTree = "<group>"; };
		04C0B84F210748FE008B208B /* uk */ = {isa = PBXFileReference; lastKnownFileType = text.plist.strings; name = uk; path = uk.lproj/LaunchScreen.strings; sourceTree = "<group>"; };
		04DB690C2163776200700B66 /* HourlyHeaderView.swift */ = {isa = PBXFileReference; lastKnownFileType = sourcecode.swift; path = HourlyHeaderView.swift; sourceTree = "<group>"; };
		04DB690E2163777F00700B66 /* HourlyHeaderView.xib */ = {isa = PBXFileReference; lastKnownFileType = file.xib; path = HourlyHeaderView.xib; sourceTree = "<group>"; };
		04EA36D7215136A100A63F34 /* DayOfWeeks.swift */ = {isa = PBXFileReference; lastKnownFileType = sourcecode.swift; path = DayOfWeeks.swift; sourceTree = "<group>"; };
		04EA36D92151370F00A63F34 /* SheduleNotification.swift */ = {isa = PBXFileReference; lastKnownFileType = sourcecode.swift; path = SheduleNotification.swift; sourceTree = "<group>"; };
		04EA36DF21515D7C00A63F34 /* HorizontalCollectionViewCell.swift */ = {isa = PBXFileReference; lastKnownFileType = sourcecode.swift; path = HorizontalCollectionViewCell.swift; sourceTree = "<group>"; };
		04EA36E021515D7C00A63F34 /* HorizontalCollectionViewCell.xib */ = {isa = PBXFileReference; lastKnownFileType = file.xib; path = HorizontalCollectionViewCell.xib; sourceTree = "<group>"; };
		04F6976D21522DA200DC393C /* CustomCollectionView.xib */ = {isa = PBXFileReference; lastKnownFileType = file.xib; path = CustomCollectionView.xib; sourceTree = "<group>"; };
		04F6976F21522DB800DC393C /* CustomCollectionView.swift */ = {isa = PBXFileReference; lastKnownFileType = sourcecode.swift; path = CustomCollectionView.swift; sourceTree = "<group>"; };
		04F8DCDB20E1772400DD5F27 /* .gitignore */ = {isa = PBXFileReference; lastKnownFileType = text; path = .gitignore; sourceTree = "<group>"; };
		076E442521CA45A1BE5A2F4F /* Pods-WeatherAppUITests.release.xcconfig */ = {isa = PBXFileReference; includeInIndex = 1; lastKnownFileType = text.xcconfig; name = "Pods-WeatherAppUITests.release.xcconfig"; path = "Pods/Target Support Files/Pods-WeatherAppUITests/Pods-WeatherAppUITests.release.xcconfig"; sourceTree = "<group>"; };
		24949EA63DDAA3C4DC569A92 /* Pods-WeatherApp.release.xcconfig */ = {isa = PBXFileReference; includeInIndex = 1; lastKnownFileType = text.xcconfig; name = "Pods-WeatherApp.release.xcconfig"; path = "Pods/Target Support Files/Pods-WeatherApp/Pods-WeatherApp.release.xcconfig"; sourceTree = "<group>"; };
		3C480C1248CF565B8E755F38 /* Pods_WeatherApp.framework */ = {isa = PBXFileReference; explicitFileType = wrapper.framework; includeInIndex = 0; path = Pods_WeatherApp.framework; sourceTree = BUILT_PRODUCTS_DIR; };
		7166697131789955B9401222 /* Pods-WeatherAppUITests.debug.xcconfig */ = {isa = PBXFileReference; includeInIndex = 1; lastKnownFileType = text.xcconfig; name = "Pods-WeatherAppUITests.debug.xcconfig"; path = "Pods/Target Support Files/Pods-WeatherAppUITests/Pods-WeatherAppUITests.debug.xcconfig"; sourceTree = "<group>"; };
		75E644ADD917B19965709655 /* Pods-WeatherAppTests.release.xcconfig */ = {isa = PBXFileReference; includeInIndex = 1; lastKnownFileType = text.xcconfig; name = "Pods-WeatherAppTests.release.xcconfig"; path = "Pods/Target Support Files/Pods-WeatherAppTests/Pods-WeatherAppTests.release.xcconfig"; sourceTree = "<group>"; };
		864CF8E83F70649D703AFA4C /* Pods_WeatherAppUITests.framework */ = {isa = PBXFileReference; explicitFileType = wrapper.framework; includeInIndex = 0; path = Pods_WeatherAppUITests.framework; sourceTree = BUILT_PRODUCTS_DIR; };
		94311F4378F888289A6ADC76 /* Pods-WeatherAppTests.debug.xcconfig */ = {isa = PBXFileReference; includeInIndex = 1; lastKnownFileType = text.xcconfig; name = "Pods-WeatherAppTests.debug.xcconfig"; path = "Pods/Target Support Files/Pods-WeatherAppTests/Pods-WeatherAppTests.debug.xcconfig"; sourceTree = "<group>"; };
		BC637D9DFABBBD6B345EC4A1 /* Pods-WeatherApp.debug.xcconfig */ = {isa = PBXFileReference; includeInIndex = 1; lastKnownFileType = text.xcconfig; name = "Pods-WeatherApp.debug.xcconfig"; path = "Pods/Target Support Files/Pods-WeatherApp/Pods-WeatherApp.debug.xcconfig"; sourceTree = "<group>"; };
		FA2D9F22216B5B0B00CF2E9C /* HourlyTableViewCell.swift */ = {isa = PBXFileReference; lastKnownFileType = sourcecode.swift; path = HourlyTableViewCell.swift; sourceTree = "<group>"; };
		FA2D9F24216B7FC200CF2E9C /* icons8-time-machine-64.png */ = {isa = PBXFileReference; lastKnownFileType = image.png; path = "icons8-time-machine-64.png"; sourceTree = "<group>"; };
		FA2D9F27216B824500CF2E9C /* icons8-time-machine-96.png */ = {isa = PBXFileReference; lastKnownFileType = image.png; path = "icons8-time-machine-96.png"; sourceTree = "<group>"; };
		FA7D8E4E2188873300CA5165 /* WeatherForecastDecodable.swift */ = {isa = PBXFileReference; lastKnownFileType = sourcecode.swift; path = WeatherForecastDecodable.swift; sourceTree = "<group>"; };
		FA7D8E502188878D00CA5165 /* CityDecodable.swift */ = {isa = PBXFileReference; lastKnownFileType = sourcecode.swift; path = CityDecodable.swift; sourceTree = "<group>"; };
		FA7D8E52218887E600CA5165 /* ListDecodable.swift */ = {isa = PBXFileReference; lastKnownFileType = sourcecode.swift; path = ListDecodable.swift; sourceTree = "<group>"; };
		FA7D8E542188880800CA5165 /* TempDecodable.swift */ = {isa = PBXFileReference; lastKnownFileType = sourcecode.swift; path = TempDecodable.swift; sourceTree = "<group>"; };
		FA7D8E562188882600CA5165 /* WeatherDecodable.swift */ = {isa = PBXFileReference; lastKnownFileType = sourcecode.swift; path = WeatherDecodable.swift; sourceTree = "<group>"; };
		FA7D8E582188883F00CA5165 /* CoordDecodable.swift */ = {isa = PBXFileReference; lastKnownFileType = sourcecode.swift; path = CoordDecodable.swift; sourceTree = "<group>"; };
		FA7EEA602179EA2800F820CD /* Location.swift */ = {isa = PBXFileReference; lastKnownFileType = sourcecode.swift; path = Location.swift; sourceTree = "<group>"; };
		FA7EEA622179EA3400F820CD /* Weather.swift */ = {isa = PBXFileReference; lastKnownFileType = sourcecode.swift; path = Weather.swift; sourceTree = "<group>"; };
		FA7EEA662179EA6C00F820CD /* WeatherHourlyMainModel.swift */ = {isa = PBXFileReference; lastKnownFileType = sourcecode.swift; path = WeatherHourlyMainModel.swift; sourceTree = "<group>"; };
		FA7EEA68217A405700F820CD /* CoreDataManager.swift */ = {isa = PBXFileReference; lastKnownFileType = sourcecode.swift; path = CoreDataManager.swift; sourceTree = "<group>"; };
		FADFEA6A216DE4D20041360B /* HourlyTableViewCell.xib */ = {isa = PBXFileReference; lastKnownFileType = file.xib; path = HourlyTableViewCell.xib; sourceTree = "<group>"; };
		FADFEA6D216E000E0041360B /* ListH.swift */ = {isa = PBXFileReference; lastKnownFileType = sourcecode.swift; path = ListH.swift; sourceTree = "<group>"; };
		FADFEA6F216E004C0041360B /* MainHourly.swift */ = {isa = PBXFileReference; lastKnownFileType = sourcecode.swift; path = MainHourly.swift; sourceTree = "<group>"; };
		FADFEA71216E00800041360B /* WeatherH.swift */ = {isa = PBXFileReference; lastKnownFileType = sourcecode.swift; path = WeatherH.swift; sourceTree = "<group>"; };
/* End PBXFileReference section */

/* Begin PBXFrameworksBuildPhase section */
		04546C9120CBC974003D41C4 /* Frameworks */ = {
			isa = PBXFrameworksBuildPhase;
			buildActionMask = 2147483647;
			files = (
				0412D1CB21025FED00FC6D99 /* MapKit.framework in Frameworks */,
				043F3DEF20FFBF4E0006909B /* CoreLocation.framework in Frameworks */,
				4491B76DE477A0382DE664ED /* Pods_WeatherApp.framework in Frameworks */,
			);
			runOnlyForDeploymentPostprocessing = 0;
		};
		04546CA520CBC974003D41C4 /* Frameworks */ = {
			isa = PBXFrameworksBuildPhase;
			buildActionMask = 2147483647;
			files = (
				E1C94BF7D4918758096EC7FC /* Pods_WeatherAppTests.framework in Frameworks */,
			);
			runOnlyForDeploymentPostprocessing = 0;
		};
		04546CB020CBC974003D41C4 /* Frameworks */ = {
			isa = PBXFrameworksBuildPhase;
			buildActionMask = 2147483647;
			files = (
				43CAF37598C089DEFEE046DA /* Pods_WeatherAppUITests.framework in Frameworks */,
			);
			runOnlyForDeploymentPostprocessing = 0;
		};
/* End PBXFrameworksBuildPhase section */

/* Begin PBXGroup section */
		041B5A4E2164C1D100E0ED84 /* Weather14Day */ = {
			isa = PBXGroup;
			children = (
				042EFB0820DBBD7F003B7A10 /* WeatherForecast.swift */,
				FA7EEA602179EA2800F820CD /* Location.swift */,
				FA7EEA622179EA3400F820CD /* Weather.swift */,
			);
			path = Weather14Day;
			sourceTree = "<group>";
		};
		041B5A4F2164C21E00E0ED84 /* Weather5day3hours */ = {
			isa = PBXGroup;
			children = (
				FADFEA6D216E000E0041360B /* ListH.swift */,
				FADFEA6F216E004C0041360B /* MainHourly.swift */,
				FADFEA71216E00800041360B /* WeatherH.swift */,
				FA7EEA662179EA6C00F820CD /* WeatherHourlyMainModel.swift */,
			);
			path = Weather5day3hours;
			sourceTree = "<group>";
		};
		042EFB0420DBBD48003B7A10 /* Model */ = {
			isa = PBXGroup;
			children = (
				FAFAE9C32188773B00B5830D /* DecoderModel */,
				041B5A4F2164C21E00E0ED84 /* Weather5day3hours */,
				041B5A4E2164C1D100E0ED84 /* Weather14Day */,
			);
			path = Model;
			sourceTree = "<group>";
		};
		042EFB1020DBEBA0003B7A10 /* View */ = {
			isa = PBXGroup;
			children = (
				FA2D9F28216CD53B00CF2E9C /* Custom */,
				04DB690C2163776200700B66 /* HourlyHeaderView.swift */,
				04DB690E2163777F00700B66 /* HourlyHeaderView.xib */,
				04118ACF215961E8000C3AF3 /* HeaderView.swift */,
				04118AD1215961F7000C3AF3 /* HeaderView.xib */,
				04F69772215253B800DC393C /* Cells */,
				04F697712152539300DC393C /* Storyboard */,
			);
			path = View;
			sourceTree = "<group>";
		};
		042EFB1120DBEBA7003B7A10 /* VideoBackground */ = {
			isa = PBXGroup;
			children = (
				A60DB067E51EC70450B1DCF2 /* Frameworks */,
			);
			path = VideoBackground;
			sourceTree = "<group>";
		};
		04546C8B20CBC974003D41C4 = {
			isa = PBXGroup;
			children = (
				04546C9620CBC974003D41C4 /* WeatherApp */,
				04546CAB20CBC974003D41C4 /* WeatherAppTests */,
				04546CB620CBC974003D41C4 /* WeatherAppUITests */,
				04546C9520CBC974003D41C4 /* Products */,
				0E82EBD39503B47651FB6CC2 /* Frameworks */,
				2FF7891CE882B514218C818F /* Pods */,
			);
			sourceTree = "<group>";
			usesTabs = 0;
		};
		04546C9520CBC974003D41C4 /* Products */ = {
			isa = PBXGroup;
			children = (
				04546C9420CBC974003D41C4 /* WeatherApp.app */,
				04546CA820CBC974003D41C4 /* WeatherAppTests.xctest */,
				04546CB320CBC974003D41C4 /* WeatherAppUITests.xctest */,
			);
			name = Products;
			sourceTree = "<group>";
		};
		04546C9620CBC974003D41C4 /* WeatherApp */ = {
			isa = PBXGroup;
			children = (
				04F8DCDB20E1772400DD5F27 /* .gitignore */,
				04546CA320CBC974003D41C4 /* Info.plist */,
				04546C9720CBC974003D41C4 /* AppDelegate.swift */,
				040A302F2154DB8B00550BF3 /* StringConstans.swift */,
				0432D5A7211DA0B100522406 /* Assets */,
				04A23B202108B187008A2705 /* DataBase */,
				04A23B1F2108B16D008A2705 /* Api */,
				046DC79C21077E84006B31D4 /* Utils */,
				042EFB0420DBBD48003B7A10 /* Model */,
				04F697732152545100DC393C /* ViewControllers */,
				042EFB1020DBEBA0003B7A10 /* View */,
				042EFB1120DBEBA7003B7A10 /* VideoBackground */,
			);
			path = WeatherApp;
			sourceTree = "<group>";
		};
		04546CAB20CBC974003D41C4 /* WeatherAppTests */ = {
			isa = PBXGroup;
			children = (
				04546CAC20CBC974003D41C4 /* WeatherAppTests.swift */,
				04546CAE20CBC974003D41C4 /* Info.plist */,
			);
			path = WeatherAppTests;
			sourceTree = "<group>";
		};
		04546CB620CBC974003D41C4 /* WeatherAppUITests */ = {
			isa = PBXGroup;
			children = (
				04546CB720CBC974003D41C4 /* WeatherAppUITests.swift */,
				04546CB920CBC974003D41C4 /* Info.plist */,
			);
			path = WeatherAppUITests;
			sourceTree = "<group>";
		};
		046DC79C21077E84006B31D4 /* Utils */ = {
			isa = PBXGroup;
			children = (
				046DC79A210771E5006B31D4 /* TemperatureFormatter.swift */,
				04EA36D7215136A100A63F34 /* DayOfWeeks.swift */,
				04EA36D92151370F00A63F34 /* SheduleNotification.swift */,
				0426AD84216255F50083E452 /* Utils.swift */,
			);
			path = Utils;
			sourceTree = "<group>";
		};
		04A23B1F2108B16D008A2705 /* Api */ = {
			isa = PBXGroup;
			children = (
				042EFB0220DBB472003B7A10 /* ApiWeather.swift */,
				041B5A4C2164C17800E0ED84 /* ApiHourlyWeather.swift */,
			);
			path = Api;
			sourceTree = "<group>";
		};
		04A23B202108B187008A2705 /* DataBase */ = {
			isa = PBXGroup;
			children = (
				042A89A420E1155A0090861A /* DBManager.swift */,
				FA7EEA68217A405700F820CD /* CoreDataManager.swift */,
			);
			path = DataBase;
			sourceTree = "<group>";
		};
		04F697712152539300DC393C /* Storyboard */ = {
			isa = PBXGroup;
			children = (
				04C0B846210747E0008B208B /* LaunchScreen.storyboard */,
				04C0B849210747F5008B208B /* Main.storyboard */,
			);
			path = Storyboard;
			sourceTree = "<group>";
		};
		04F69772215253B800DC393C /* Cells */ = {
			isa = PBXGroup;
			children = (
				0432D5CF211DEE9B00522406 /* CityTableViewCell.swift */,
				04EA36DF21515D7C00A63F34 /* HorizontalCollectionViewCell.swift */,
				04EA36E021515D7C00A63F34 /* HorizontalCollectionViewCell.xib */,
				0401ED472153C51E00D5A2EA /* VerticallCollectionViewCell.swift */,
				0401ED482153C51E00D5A2EA /* VerticallCollectionViewCell.xib */,
				FA2D9F22216B5B0B00CF2E9C /* HourlyTableViewCell.swift */,
				FADFEA6A216DE4D20041360B /* HourlyTableViewCell.xib */,
			);
			path = Cells;
			sourceTree = "<group>";
		};
		04F697732152545100DC393C /* ViewControllers */ = {
			isa = PBXGroup;
			children = (
				0432D5CD211DEE4E00522406 /* CityListViewController.swift */,
				04496C6F20E53F230054EBED /* InfoViewController.swift */,
				04516FF0211F794900F62609 /* MainViewController.swift */,
				04F6976F21522DB800DC393C /* CustomCollectionView.swift */,
				04F6976D21522DA200DC393C /* CustomCollectionView.xib */,
			);
			path = ViewControllers;
			sourceTree = "<group>";
		};
		0E82EBD39503B47651FB6CC2 /* Frameworks */ = {
			isa = PBXGroup;
			children = (
				0412D1CA21025FED00FC6D99 /* MapKit.framework */,
				0412D1C821025F0F00FC6D99 /* ReachabilitySwift.framework */,
				043F3DF120FFBF740006909B /* RealmSwift.framework */,
				043F3DEE20FFBF4E0006909B /* CoreLocation.framework */,
				3C480C1248CF565B8E755F38 /* Pods_WeatherApp.framework */,
				0243EA6F61860DE1E03C2BCB /* Pods_WeatherAppTests.framework */,
				864CF8E83F70649D703AFA4C /* Pods_WeatherAppUITests.framework */,
			);
			name = Frameworks;
			sourceTree = "<group>";
		};
		2FF7891CE882B514218C818F /* Pods */ = {
			isa = PBXGroup;
			children = (
				BC637D9DFABBBD6B345EC4A1 /* Pods-WeatherApp.debug.xcconfig */,
				24949EA63DDAA3C4DC569A92 /* Pods-WeatherApp.release.xcconfig */,
				94311F4378F888289A6ADC76 /* Pods-WeatherAppTests.debug.xcconfig */,
				75E644ADD917B19965709655 /* Pods-WeatherAppTests.release.xcconfig */,
				7166697131789955B9401222 /* Pods-WeatherAppUITests.debug.xcconfig */,
				076E442521CA45A1BE5A2F4F /* Pods-WeatherAppUITests.release.xcconfig */,
			);
			name = Pods;
			sourceTree = "<group>";
		};
		A60DB067E51EC70450B1DCF2 /* Frameworks */ = {
			isa = PBXGroup;
			children = (
				04546C9E20CBC974003D41C4 /* Assets.xcassets */,
				FA2D9F27216B824500CF2E9C /* icons8-time-machine-96.png */,
				FA2D9F24216B7FC200CF2E9C /* icons8-time-machine-64.png */,
				0432D5AF211DA17100522406 /* 01d.mp4 */,
				0432D5B8211DA17200522406 /* 01n.mp4 */,
				0432D5B9211DA17300522406 /* 02d.mp4 */,
				0432D5B6211DA17200522406 /* 02n.mp4 */,
				0432D5B1211DA17100522406 /* 03d.mp4 */,
				0432D5B4211DA17100522406 /* 03n.mp4 */,
				0432D5AB211DA17000522406 /* 04d.mp4 */,
				0432D5AC211DA17000522406 /* 04n.mp4 */,
				0432D5B5211DA17200522406 /* 09d.mp4 */,
				0432D5BA211DA17300522406 /* 09n.mp4 */,
				0432D5B7211DA17200522406 /* 10d.mp4 */,
				0432D5AE211DA17000522406 /* 10n.mp4 */,
				0432D5B0211DA17100522406 /* 11d.mp4 */,
				0432D5AD211DA17000522406 /* 11n.mp4 */,
				0432D5B2211DA17100522406 /* 13d.mp4 */,
				0432D5AA211DA17000522406 /* 13n.mp4 */,
				0432D5B3211DA17100522406 /* 50d.mp4 */,
				0432D5A9211DA16F00522406 /* 50n.mp4 */,
			);
			name = Frameworks;
			path = ../..;
			sourceTree = "<group>";
		};
		FA2D9F28216CD53B00CF2E9C /* Custom */ = {
			isa = PBXGroup;
			children = (
				046C0D66216651B500127897 /* CustomButton.swift */,
			);
			path = Custom;
			sourceTree = "<group>";
		};
		FAFAE9C32188773B00B5830D /* DecoderModel */ = {
			isa = PBXGroup;
			children = (
				FA7D8E582188883F00CA5165 /* CoordDecodable.swift */,
				FA7D8E502188878D00CA5165 /* CityDecodable.swift */,
				FA7D8E4E2188873300CA5165 /* WeatherForecastDecodable.swift */,
				FA7D8E52218887E600CA5165 /* ListDecodable.swift */,
				FA7D8E542188880800CA5165 /* TempDecodable.swift */,
				FA7D8E562188882600CA5165 /* WeatherDecodable.swift */,
			);
			path = DecoderModel;
			sourceTree = "<group>";
		};
/* End PBXGroup section */

/* Begin PBXNativeTarget section */
		04546C9320CBC974003D41C4 /* WeatherApp */ = {
			isa = PBXNativeTarget;
			buildConfigurationList = 04546CBC20CBC974003D41C4 /* Build configuration list for PBXNativeTarget "WeatherApp" */;
			buildPhases = (
				51CEE6E4F838719D8F695663 /* [CP] Check Pods Manifest.lock */,
				04546C9020CBC974003D41C4 /* Sources */,
				04546C9120CBC974003D41C4 /* Frameworks */,
				04546C9220CBC974003D41C4 /* Resources */,
				048D60CC20FB91B000234700 /* Swiftlint */,
				7E336431DF9097318869E412 /* [CP] Copy Pods Resources */,
				BFA14D6B6BD02B6A5FEFB839 /* [CP] Embed Pods Frameworks */,
			);
			buildRules = (
			);
			dependencies = (
			);
			name = WeatherApp;
			productName = WeatherApp;
			productReference = 04546C9420CBC974003D41C4 /* WeatherApp.app */;
			productType = "com.apple.product-type.application";
		};
		04546CA720CBC974003D41C4 /* WeatherAppTests */ = {
			isa = PBXNativeTarget;
			buildConfigurationList = 04546CBF20CBC974003D41C4 /* Build configuration list for PBXNativeTarget "WeatherAppTests" */;
			buildPhases = (
				CA93D3C758AA9890EDD92B89 /* [CP] Check Pods Manifest.lock */,
				04546CA420CBC974003D41C4 /* Sources */,
				04546CA520CBC974003D41C4 /* Frameworks */,
				04546CA620CBC974003D41C4 /* Resources */,
			);
			buildRules = (
			);
			dependencies = (
				04546CAA20CBC974003D41C4 /* PBXTargetDependency */,
			);
			name = WeatherAppTests;
			productName = WeatherAppTests;
			productReference = 04546CA820CBC974003D41C4 /* WeatherAppTests.xctest */;
			productType = "com.apple.product-type.bundle.unit-test";
		};
		04546CB220CBC974003D41C4 /* WeatherAppUITests */ = {
			isa = PBXNativeTarget;
			buildConfigurationList = 04546CC220CBC974003D41C4 /* Build configuration list for PBXNativeTarget "WeatherAppUITests" */;
			buildPhases = (
				5A2C6F1C625F1CD38430B9CB /* [CP] Check Pods Manifest.lock */,
				04546CAF20CBC974003D41C4 /* Sources */,
				04546CB020CBC974003D41C4 /* Frameworks */,
				04546CB120CBC974003D41C4 /* Resources */,
			);
			buildRules = (
			);
			dependencies = (
				04546CB520CBC974003D41C4 /* PBXTargetDependency */,
			);
			name = WeatherAppUITests;
			productName = WeatherAppUITests;
			productReference = 04546CB320CBC974003D41C4 /* WeatherAppUITests.xctest */;
			productType = "com.apple.product-type.bundle.ui-testing";
		};
/* End PBXNativeTarget section */

/* Begin PBXProject section */
		04546C8C20CBC974003D41C4 /* Project object */ = {
			isa = PBXProject;
			attributes = {
				LastSwiftUpdateCheck = 0920;
				LastUpgradeCheck = 0940;
				ORGANIZATIONNAME = mac;
				TargetAttributes = {
					04546C9320CBC974003D41C4 = {
						CreatedOnToolsVersion = 9.2;
						LastSwiftMigration = 1000;
						ProvisioningStyle = Automatic;
					};
					04546CA720CBC974003D41C4 = {
						CreatedOnToolsVersion = 9.2;
						LastSwiftMigration = 1000;
						ProvisioningStyle = Automatic;
						TestTargetID = 04546C9320CBC974003D41C4;
					};
					04546CB220CBC974003D41C4 = {
						CreatedOnToolsVersion = 9.2;
						LastSwiftMigration = 1000;
						ProvisioningStyle = Automatic;
						TestTargetID = 04546C9320CBC974003D41C4;
					};
				};
			};
			buildConfigurationList = 04546C8F20CBC974003D41C4 /* Build configuration list for PBXProject "WeatherApp" */;
			compatibilityVersion = "Xcode 8.0";
			developmentRegion = en;
			hasScannedForEncodings = 0;
			knownRegions = (
				en,
				Base,
			);
			mainGroup = 04546C8B20CBC974003D41C4;
			productRefGroup = 04546C9520CBC974003D41C4 /* Products */;
			projectDirPath = "";
			projectRoot = "";
			targets = (
				04546C9320CBC974003D41C4 /* WeatherApp */,
				04546CA720CBC974003D41C4 /* WeatherAppTests */,
				04546CB220CBC974003D41C4 /* WeatherAppUITests */,
			);
		};
/* End PBXProject section */

/* Begin PBXResourcesBuildPhase section */
		04546C9220CBC974003D41C4 /* Resources */ = {
			isa = PBXResourcesBuildPhase;
			buildActionMask = 2147483647;
			files = (
				0432D5A8211DA0B100522406 /* Assets in Resources */,
				0432D5C7211DA17300522406 /* 09d.mp4 in Resources */,
				0432D5BE211DA17300522406 /* 04n.mp4 in Resources */,
				0401ED4A2153C51E00D5A2EA /* VerticallCollectionViewCell.xib in Resources */,
				04118AD2215961F7000C3AF3 /* HeaderView.xib in Resources */,
				04F6976E21522DA200DC393C /* CustomCollectionView.xib in Resources */,
				0432D5C2211DA17300522406 /* 11d.mp4 in Resources */,
				0432D5C6211DA17300522406 /* 03n.mp4 in Resources */,
				0432D5C5211DA17300522406 /* 50d.mp4 in Resources */,
				0432D5BB211DA17300522406 /* 50n.mp4 in Resources */,
				0432D5C4211DA17300522406 /* 13d.mp4 in Resources */,
				0432D5C3211DA17300522406 /* 03d.mp4 in Resources */,
				0432D5BD211DA17300522406 /* 04d.mp4 in Resources */,
				0432D5C8211DA17300522406 /* 02n.mp4 in Resources */,
				0432D5C0211DA17300522406 /* 10n.mp4 in Resources */,
				0432D5C1211DA17300522406 /* 01d.mp4 in Resources */,
				04EA36E221515D7C00A63F34 /* HorizontalCollectionViewCell.xib in Resources */,
				FADFEA6C216DE4D20041360B /* HourlyTableViewCell.xib in Resources */,
				0432D5C9211DA17300522406 /* 10d.mp4 in Resources */,
				0432D5BC211DA17300522406 /* 13n.mp4 in Resources */,
				0432D5CB211DA17300522406 /* 02d.mp4 in Resources */,
				04DB690F2163777F00700B66 /* HourlyHeaderView.xib in Resources */,
				04C0B848210747E0008B208B /* LaunchScreen.storyboard in Resources */,
				04F8DCDC20E1772400DD5F27 /* .gitignore in Resources */,
				0432D5CC211DA17300522406 /* 09n.mp4 in Resources */,
				0432D5CA211DA17300522406 /* 01n.mp4 in Resources */,
				04546C9F20CBC974003D41C4 /* Assets.xcassets in Resources */,
				0432D5BF211DA17300522406 /* 11n.mp4 in Resources */,
				04C0B84B210747F5008B208B /* Main.storyboard in Resources */,
			);
			runOnlyForDeploymentPostprocessing = 0;
		};
		04546CA620CBC974003D41C4 /* Resources */ = {
			isa = PBXResourcesBuildPhase;
			buildActionMask = 2147483647;
			files = (
			);
			runOnlyForDeploymentPostprocessing = 0;
		};
		04546CB120CBC974003D41C4 /* Resources */ = {
			isa = PBXResourcesBuildPhase;
			buildActionMask = 2147483647;
			files = (
			);
			runOnlyForDeploymentPostprocessing = 0;
		};
/* End PBXResourcesBuildPhase section */

/* Begin PBXShellScriptBuildPhase section */
		048D60CC20FB91B000234700 /* Swiftlint */ = {
			isa = PBXShellScriptBuildPhase;
			buildActionMask = 12;
			files = (
			);
			inputPaths = (
			);
			name = Swiftlint;
			outputPaths = (
			);
			runOnlyForDeploymentPostprocessing = 0;
			shellPath = /bin/sh;
			shellScript = "if which swiftlint >/dev/null; then\nswiftlint\nelse\necho \"error: SwiftLint not installed, download from https://github.com/realm/SwiftLint\"\nfi\n";
		};
		51CEE6E4F838719D8F695663 /* [CP] Check Pods Manifest.lock */ = {
			isa = PBXShellScriptBuildPhase;
			buildActionMask = 2147483647;
			files = (
			);
			inputPaths = (
				"${PODS_PODFILE_DIR_PATH}/Podfile.lock",
				"${PODS_ROOT}/Manifest.lock",
			);
			name = "[CP] Check Pods Manifest.lock";
			outputPaths = (
				"$(DERIVED_FILE_DIR)/Pods-WeatherApp-checkManifestLockResult.txt",
			);
			runOnlyForDeploymentPostprocessing = 0;
			shellPath = /bin/sh;
			shellScript = "diff \"${PODS_PODFILE_DIR_PATH}/Podfile.lock\" \"${PODS_ROOT}/Manifest.lock\" > /dev/null\nif [ $? != 0 ] ; then\n    # print error to STDERR\n    echo \"error: The sandbox is not in sync with the Podfile.lock. Run 'pod install' or update your CocoaPods installation.\" >&2\n    exit 1\nfi\n# This output is used by Xcode 'outputs' to avoid re-running this script phase.\necho \"SUCCESS\" > \"${SCRIPT_OUTPUT_FILE_0}\"\n";
			showEnvVarsInLog = 0;
		};
		5A2C6F1C625F1CD38430B9CB /* [CP] Check Pods Manifest.lock */ = {
			isa = PBXShellScriptBuildPhase;
			buildActionMask = 2147483647;
			files = (
			);
			inputPaths = (
				"${PODS_PODFILE_DIR_PATH}/Podfile.lock",
				"${PODS_ROOT}/Manifest.lock",
			);
			name = "[CP] Check Pods Manifest.lock";
			outputPaths = (
				"$(DERIVED_FILE_DIR)/Pods-WeatherAppUITests-checkManifestLockResult.txt",
			);
			runOnlyForDeploymentPostprocessing = 0;
			shellPath = /bin/sh;
			shellScript = "diff \"${PODS_PODFILE_DIR_PATH}/Podfile.lock\" \"${PODS_ROOT}/Manifest.lock\" > /dev/null\nif [ $? != 0 ] ; then\n    # print error to STDERR\n    echo \"error: The sandbox is not in sync with the Podfile.lock. Run 'pod install' or update your CocoaPods installation.\" >&2\n    exit 1\nfi\n# This output is used by Xcode 'outputs' to avoid re-running this script phase.\necho \"SUCCESS\" > \"${SCRIPT_OUTPUT_FILE_0}\"\n";
			showEnvVarsInLog = 0;
		};
		7E336431DF9097318869E412 /* [CP] Copy Pods Resources */ = {
			isa = PBXShellScriptBuildPhase;
			buildActionMask = 2147483647;
			files = (
			);
			inputPaths = (
				"${SRCROOT}/Pods/Target Support Files/Pods-WeatherApp/Pods-WeatherApp-resources.sh",
				"${PODS_ROOT}/GoogleMaps/Maps/Frameworks/GoogleMaps.framework/Resources/GoogleMaps.bundle",
				"${PODS_ROOT}/GooglePlacePicker/Frameworks/GooglePlacePicker.framework/Resources/GooglePlacePicker.bundle",
				"${PODS_ROOT}/GooglePlaces/Frameworks/GooglePlaces.framework/Resources/GooglePlaces.bundle",
			);
			name = "[CP] Copy Pods Resources";
			outputPaths = (
				"${TARGET_BUILD_DIR}/${UNLOCALIZED_RESOURCES_FOLDER_PATH}/GoogleMaps.bundle",
				"${TARGET_BUILD_DIR}/${UNLOCALIZED_RESOURCES_FOLDER_PATH}/GooglePlacePicker.bundle",
				"${TARGET_BUILD_DIR}/${UNLOCALIZED_RESOURCES_FOLDER_PATH}/GooglePlaces.bundle",
			);
			runOnlyForDeploymentPostprocessing = 0;
			shellPath = /bin/sh;
			shellScript = "\"${SRCROOT}/Pods/Target Support Files/Pods-WeatherApp/Pods-WeatherApp-resources.sh\"\n";
			showEnvVarsInLog = 0;
		};
		BFA14D6B6BD02B6A5FEFB839 /* [CP] Embed Pods Frameworks */ = {
			isa = PBXShellScriptBuildPhase;
			buildActionMask = 2147483647;
			files = (
			);
			inputPaths = (
				"${SRCROOT}/Pods/Target Support Files/Pods-WeatherApp/Pods-WeatherApp-frameworks.sh",
				"${BUILT_PRODUCTS_DIR}/Realm/Realm.framework",
				"${BUILT_PRODUCTS_DIR}/RealmSwift/RealmSwift.framework",
			);
			name = "[CP] Embed Pods Frameworks";
			outputPaths = (
				"${TARGET_BUILD_DIR}/${FRAMEWORKS_FOLDER_PATH}/Realm.framework",
				"${TARGET_BUILD_DIR}/${FRAMEWORKS_FOLDER_PATH}/RealmSwift.framework",
			);
			runOnlyForDeploymentPostprocessing = 0;
			shellPath = /bin/sh;
			shellScript = "\"${SRCROOT}/Pods/Target Support Files/Pods-WeatherApp/Pods-WeatherApp-frameworks.sh\"\n";
			showEnvVarsInLog = 0;
		};
		CA93D3C758AA9890EDD92B89 /* [CP] Check Pods Manifest.lock */ = {
			isa = PBXShellScriptBuildPhase;
			buildActionMask = 2147483647;
			files = (
			);
			inputPaths = (
				"${PODS_PODFILE_DIR_PATH}/Podfile.lock",
				"${PODS_ROOT}/Manifest.lock",
			);
			name = "[CP] Check Pods Manifest.lock";
			outputPaths = (
				"$(DERIVED_FILE_DIR)/Pods-WeatherAppTests-checkManifestLockResult.txt",
			);
			runOnlyForDeploymentPostprocessing = 0;
			shellPath = /bin/sh;
			shellScript = "diff \"${PODS_PODFILE_DIR_PATH}/Podfile.lock\" \"${PODS_ROOT}/Manifest.lock\" > /dev/null\nif [ $? != 0 ] ; then\n    # print error to STDERR\n    echo \"error: The sandbox is not in sync with the Podfile.lock. Run 'pod install' or update your CocoaPods installation.\" >&2\n    exit 1\nfi\n# This output is used by Xcode 'outputs' to avoid re-running this script phase.\necho \"SUCCESS\" > \"${SCRIPT_OUTPUT_FILE_0}\"\n";
			showEnvVarsInLog = 0;
		};
/* End PBXShellScriptBuildPhase section */

/* Begin PBXSourcesBuildPhase section */
		04546C9020CBC974003D41C4 /* Sources */ = {
			isa = PBXSourcesBuildPhase;
			buildActionMask = 2147483647;
			files = (
				042EFB0B20DBBE74003B7A10 /* WeatherForecast.swift in Sources */,
				FA2D9F23216B5B0B00CF2E9C /* HourlyTableViewCell.swift in Sources */,
				046C0D67216651B500127897 /* CustomButton.swift in Sources */,
				046DC79B210771E5006B31D4 /* TemperatureFormatter.swift in Sources */,
				04EA36E121515D7C00A63F34 /* HorizontalCollectionViewCell.swift in Sources */,
				04496C7020E53F230054EBED /* InfoViewController.swift in Sources */,
				FA7EEA612179EA2800F820CD /* Location.swift in Sources */,
				042A89A520E1155A0090861A /* DBManager.swift in Sources */,
				FA7EEA632179EA3400F820CD /* Weather.swift in Sources */,
				FA7EEA69217A405700F820CD /* CoreDataManager.swift in Sources */,
				0432D5D0211DEE9B00522406 /* CityTableViewCell.swift in Sources */,
				04516FF1211F794900F62609 /* MainViewController.swift in Sources */,
				04EA36D8215136A100A63F34 /* DayOfWeeks.swift in Sources */,
				0432D5CE211DEE4E00522406 /* CityListViewController.swift in Sources */,
				04118AD0215961E8000C3AF3 /* HeaderView.swift in Sources */,
				FA7D8E572188882600CA5165 /* WeatherDecodable.swift in Sources */,
				04EA36DA2151370F00A63F34 /* SheduleNotification.swift in Sources */,
				04DB690D2163776200700B66 /* HourlyHeaderView.swift in Sources */,
				FADFEA70216E004C0041360B /* MainHourly.swift in Sources */,
				0426AD85216255F50083E452 /* Utils.swift in Sources */,
				FADFEA6E216E000E0041360B /* ListH.swift in Sources */,
				042EFB0320DBB472003B7A10 /* ApiWeather.swift in Sources */,
				0401ED492153C51E00D5A2EA /* VerticallCollectionViewCell.swift in Sources */,
				FA7D8E592188883F00CA5165 /* CoordDecodable.swift in Sources */,
				04546C9820CBC974003D41C4 /* AppDelegate.swift in Sources */,
				FA7D8E512188878D00CA5165 /* CityDecodable.swift in Sources */,
				FADFEA72216E00800041360B /* WeatherH.swift in Sources */,
				04F6977021522DB800DC393C /* CustomCollectionView.swift in Sources */,
				FA7EEA672179EA6C00F820CD /* WeatherHourlyMainModel.swift in Sources */,
				041B5A4D2164C17800E0ED84 /* ApiHourlyWeather.swift in Sources */,
				FA7D8E53218887E600CA5165 /* ListDecodable.swift in Sources */,
				040A30302154E08900550BF3 /* StringConstans.swift in Sources */,
				FA7D8E4F2188873300CA5165 /* WeatherForecastDecodable.swift in Sources */,
				FA7D8E552188880800CA5165 /* TempDecodable.swift in Sources */,
			);
			runOnlyForDeploymentPostprocessing = 0;
		};
		04546CA420CBC974003D41C4 /* Sources */ = {
			isa = PBXSourcesBuildPhase;
			buildActionMask = 2147483647;
			files = (
				04546CAD20CBC974003D41C4 /* WeatherAppTests.swift in Sources */,
			);
			runOnlyForDeploymentPostprocessing = 0;
		};
		04546CAF20CBC974003D41C4 /* Sources */ = {
			isa = PBXSourcesBuildPhase;
			buildActionMask = 2147483647;
			files = (
				04546CB820CBC974003D41C4 /* WeatherAppUITests.swift in Sources */,
			);
			runOnlyForDeploymentPostprocessing = 0;
		};
/* End PBXSourcesBuildPhase section */

/* Begin PBXTargetDependency section */
		04546CAA20CBC974003D41C4 /* PBXTargetDependency */ = {
			isa = PBXTargetDependency;
			target = 04546C9320CBC974003D41C4 /* WeatherApp */;
			targetProxy = 04546CA920CBC974003D41C4 /* PBXContainerItemProxy */;
		};
		04546CB520CBC974003D41C4 /* PBXTargetDependency */ = {
			isa = PBXTargetDependency;
			target = 04546C9320CBC974003D41C4 /* WeatherApp */;
			targetProxy = 04546CB420CBC974003D41C4 /* PBXContainerItemProxy */;
		};
/* End PBXTargetDependency section */

/* Begin PBXVariantGroup section */
		04C0B846210747E0008B208B /* LaunchScreen.storyboard */ = {
			isa = PBXVariantGroup;
			children = (
				04C0B847210747E0008B208B /* Base */,
				04C0B84F210748FE008B208B /* uk */,
				047528F821109271008A7BB9 /* en */,
			);
			name = LaunchScreen.storyboard;
			sourceTree = "<group>";
		};
		04C0B849210747F5008B208B /* Main.storyboard */ = {
			isa = PBXVariantGroup;
			children = (
				04C0B84A210747F5008B208B /* Base */,
				04C0B84E210748FE008B208B /* uk */,
				047528F62110926A008A7BB9 /* en */,
			);
			name = Main.storyboard;
			sourceTree = "<group>";
		};
/* End PBXVariantGroup section */

/* Begin XCBuildConfiguration section */
		04546CBA20CBC974003D41C4 /* Debug */ = {
			isa = XCBuildConfiguration;
			buildSettings = {
				ALWAYS_SEARCH_USER_PATHS = NO;
				CLANG_ANALYZER_LOCALIZABILITY_NONLOCALIZED = YES;
				CLANG_ANALYZER_NONNULL = YES;
				CLANG_ANALYZER_NUMBER_OBJECT_CONVERSION = YES_AGGRESSIVE;
				CLANG_CXX_LANGUAGE_STANDARD = "gnu++14";
				CLANG_CXX_LIBRARY = "libc++";
				CLANG_ENABLE_MODULES = YES;
				CLANG_ENABLE_OBJC_ARC = YES;
				CLANG_WARN_BLOCK_CAPTURE_AUTORELEASING = YES;
				CLANG_WARN_BOOL_CONVERSION = YES;
				CLANG_WARN_COMMA = YES;
				CLANG_WARN_CONSTANT_CONVERSION = YES;
				CLANG_WARN_DEPRECATED_OBJC_IMPLEMENTATIONS = YES;
				CLANG_WARN_DIRECT_OBJC_ISA_USAGE = YES_ERROR;
				CLANG_WARN_DOCUMENTATION_COMMENTS = YES;
				CLANG_WARN_EMPTY_BODY = YES;
				CLANG_WARN_ENUM_CONVERSION = YES;
				CLANG_WARN_INFINITE_RECURSION = YES;
				CLANG_WARN_INT_CONVERSION = YES;
				CLANG_WARN_NON_LITERAL_NULL_CONVERSION = YES;
				CLANG_WARN_OBJC_IMPLICIT_RETAIN_SELF = YES;
				CLANG_WARN_OBJC_LITERAL_CONVERSION = YES;
				CLANG_WARN_OBJC_ROOT_CLASS = YES_ERROR;
				CLANG_WARN_RANGE_LOOP_ANALYSIS = YES;
				CLANG_WARN_STRICT_PROTOTYPES = YES;
				CLANG_WARN_SUSPICIOUS_MOVE = YES;
				CLANG_WARN_UNGUARDED_AVAILABILITY = YES_AGGRESSIVE;
				CLANG_WARN_UNREACHABLE_CODE = YES;
				CLANG_WARN__DUPLICATE_METHOD_MATCH = YES;
				CODE_SIGN_IDENTITY = "iPhone Developer";
				COPY_PHASE_STRIP = NO;
				DEBUG_INFORMATION_FORMAT = dwarf;
				ENABLE_STRICT_OBJC_MSGSEND = YES;
				ENABLE_TESTABILITY = YES;
				GCC_C_LANGUAGE_STANDARD = gnu11;
				GCC_DYNAMIC_NO_PIC = NO;
				GCC_NO_COMMON_BLOCKS = YES;
				GCC_OPTIMIZATION_LEVEL = 0;
				GCC_PREPROCESSOR_DEFINITIONS = (
					"DEBUG=1",
					"$(inherited)",
				);
				GCC_WARN_64_TO_32_BIT_CONVERSION = YES;
				GCC_WARN_ABOUT_RETURN_TYPE = YES_ERROR;
				GCC_WARN_UNDECLARED_SELECTOR = YES;
				GCC_WARN_UNINITIALIZED_AUTOS = YES_AGGRESSIVE;
				GCC_WARN_UNUSED_FUNCTION = YES;
				GCC_WARN_UNUSED_VARIABLE = YES;
				IPHONEOS_DEPLOYMENT_TARGET = 11.2;
				MTL_ENABLE_DEBUG_INFO = YES;
				ONLY_ACTIVE_ARCH = YES;
				SDKROOT = iphoneos;
				SWIFT_ACTIVE_COMPILATION_CONDITIONS = DEBUG;
				SWIFT_OPTIMIZATION_LEVEL = "-Onone";
			};
			name = Debug;
		};
		04546CBB20CBC974003D41C4 /* Release */ = {
			isa = XCBuildConfiguration;
			buildSettings = {
				ALWAYS_SEARCH_USER_PATHS = NO;
				CLANG_ANALYZER_LOCALIZABILITY_NONLOCALIZED = YES;
				CLANG_ANALYZER_NONNULL = YES;
				CLANG_ANALYZER_NUMBER_OBJECT_CONVERSION = YES_AGGRESSIVE;
				CLANG_CXX_LANGUAGE_STANDARD = "gnu++14";
				CLANG_CXX_LIBRARY = "libc++";
				CLANG_ENABLE_MODULES = YES;
				CLANG_ENABLE_OBJC_ARC = YES;
				CLANG_WARN_BLOCK_CAPTURE_AUTORELEASING = YES;
				CLANG_WARN_BOOL_CONVERSION = YES;
				CLANG_WARN_COMMA = YES;
				CLANG_WARN_CONSTANT_CONVERSION = YES;
				CLANG_WARN_DEPRECATED_OBJC_IMPLEMENTATIONS = YES;
				CLANG_WARN_DIRECT_OBJC_ISA_USAGE = YES_ERROR;
				CLANG_WARN_DOCUMENTATION_COMMENTS = YES;
				CLANG_WARN_EMPTY_BODY = YES;
				CLANG_WARN_ENUM_CONVERSION = YES;
				CLANG_WARN_INFINITE_RECURSION = YES;
				CLANG_WARN_INT_CONVERSION = YES;
				CLANG_WARN_NON_LITERAL_NULL_CONVERSION = YES;
				CLANG_WARN_OBJC_IMPLICIT_RETAIN_SELF = YES;
				CLANG_WARN_OBJC_LITERAL_CONVERSION = YES;
				CLANG_WARN_OBJC_ROOT_CLASS = YES_ERROR;
				CLANG_WARN_RANGE_LOOP_ANALYSIS = YES;
				CLANG_WARN_STRICT_PROTOTYPES = YES;
				CLANG_WARN_SUSPICIOUS_MOVE = YES;
				CLANG_WARN_UNGUARDED_AVAILABILITY = YES_AGGRESSIVE;
				CLANG_WARN_UNREACHABLE_CODE = YES;
				CLANG_WARN__DUPLICATE_METHOD_MATCH = YES;
				CODE_SIGN_IDENTITY = "iPhone Developer";
				COPY_PHASE_STRIP = NO;
				DEBUG_INFORMATION_FORMAT = "dwarf-with-dsym";
				ENABLE_NS_ASSERTIONS = NO;
				ENABLE_STRICT_OBJC_MSGSEND = YES;
				GCC_C_LANGUAGE_STANDARD = gnu11;
				GCC_NO_COMMON_BLOCKS = YES;
				GCC_WARN_64_TO_32_BIT_CONVERSION = YES;
				GCC_WARN_ABOUT_RETURN_TYPE = YES_ERROR;
				GCC_WARN_UNDECLARED_SELECTOR = YES;
				GCC_WARN_UNINITIALIZED_AUTOS = YES_AGGRESSIVE;
				GCC_WARN_UNUSED_FUNCTION = YES;
				GCC_WARN_UNUSED_VARIABLE = YES;
				IPHONEOS_DEPLOYMENT_TARGET = 11.2;
				MTL_ENABLE_DEBUG_INFO = NO;
				SDKROOT = iphoneos;
				SWIFT_OPTIMIZATION_LEVEL = "-Owholemodule";
				VALIDATE_PRODUCT = YES;
			};
			name = Release;
		};
		04546CBD20CBC974003D41C4 /* Debug */ = {
			isa = XCBuildConfiguration;
			baseConfigurationReference = BC637D9DFABBBD6B345EC4A1 /* Pods-WeatherApp.debug.xcconfig */;
			buildSettings = {
				ASSETCATALOG_COMPILER_APPICON_NAME = AppIcon;
				CLANG_ENABLE_MODULES = YES;
				CODE_SIGN_IDENTITY = "iPhone Developer";
				"CODE_SIGN_IDENTITY[sdk=iphoneos*]" = "iPhone Developer";
				CODE_SIGN_STYLE = Automatic;
				DEVELOPMENT_TEAM = 97AWWBAZ5L;
				INFOPLIST_FILE = WeatherApp/Info.plist;
				IPHONEOS_DEPLOYMENT_TARGET = 12.0;
				LD_RUNPATH_SEARCH_PATHS = "$(inherited) @executable_path/Frameworks";
				PRODUCT_BUNDLE_IDENTIFIER = "roman-mihaylovich.com.WeatherApp";
				PRODUCT_NAME = "$(TARGET_NAME)";
				PROVISIONING_PROFILE_SPECIFIER = "";
				SWIFT_OBJC_BRIDGING_HEADER = "";
				SWIFT_OPTIMIZATION_LEVEL = "-Onone";
				SWIFT_VERSION = 4.2;
				TARGETED_DEVICE_FAMILY = 1;
			};
			name = Debug;
		};
		04546CBE20CBC974003D41C4 /* Release */ = {
			isa = XCBuildConfiguration;
			baseConfigurationReference = 24949EA63DDAA3C4DC569A92 /* Pods-WeatherApp.release.xcconfig */;
			buildSettings = {
				ASSETCATALOG_COMPILER_APPICON_NAME = AppIcon;
				CLANG_ENABLE_MODULES = YES;
				CODE_SIGN_IDENTITY = "iPhone Developer";
				"CODE_SIGN_IDENTITY[sdk=iphoneos*]" = "iPhone Developer";
				CODE_SIGN_STYLE = Automatic;
				DEVELOPMENT_TEAM = 97AWWBAZ5L;
				INFOPLIST_FILE = WeatherApp/Info.plist;
				IPHONEOS_DEPLOYMENT_TARGET = 12.0;
				LD_RUNPATH_SEARCH_PATHS = "$(inherited) @executable_path/Frameworks";
				PRODUCT_BUNDLE_IDENTIFIER = "roman-mihaylovich.com.WeatherApp";
				PRODUCT_NAME = "$(TARGET_NAME)";
				PROVISIONING_PROFILE_SPECIFIER = "";
				SWIFT_OBJC_BRIDGING_HEADER = "";
				SWIFT_VERSION = 4.2;
				TARGETED_DEVICE_FAMILY = 1;
			};
			name = Release;
		};
		04546CC020CBC974003D41C4 /* Debug */ = {
			isa = XCBuildConfiguration;
			baseConfigurationReference = 94311F4378F888289A6ADC76 /* Pods-WeatherAppTests.debug.xcconfig */;
			buildSettings = {
				ALWAYS_EMBED_SWIFT_STANDARD_LIBRARIES = YES;
				BUNDLE_LOADER = "$(TEST_HOST)";
				CODE_SIGN_STYLE = Automatic;
				INFOPLIST_FILE = WeatherAppTests/Info.plist;
				LD_RUNPATH_SEARCH_PATHS = "$(inherited) @executable_path/Frameworks @loader_path/Frameworks";
				PRODUCT_BUNDLE_IDENTIFIER = roman.com.WeatherAppTests;
				PRODUCT_NAME = "$(TARGET_NAME)";
				SWIFT_VERSION = 4.2;
				TARGETED_DEVICE_FAMILY = "1,2";
				TEST_HOST = "$(BUILT_PRODUCTS_DIR)/WeatherApp.app/WeatherApp";
			};
			name = Debug;
		};
		04546CC120CBC974003D41C4 /* Release */ = {
			isa = XCBuildConfiguration;
			baseConfigurationReference = 75E644ADD917B19965709655 /* Pods-WeatherAppTests.release.xcconfig */;
			buildSettings = {
				ALWAYS_EMBED_SWIFT_STANDARD_LIBRARIES = YES;
				BUNDLE_LOADER = "$(TEST_HOST)";
				CODE_SIGN_STYLE = Automatic;
				INFOPLIST_FILE = WeatherAppTests/Info.plist;
				LD_RUNPATH_SEARCH_PATHS = "$(inherited) @executable_path/Frameworks @loader_path/Frameworks";
				PRODUCT_BUNDLE_IDENTIFIER = roman.com.WeatherAppTests;
				PRODUCT_NAME = "$(TARGET_NAME)";
				SWIFT_VERSION = 4.2;
				TARGETED_DEVICE_FAMILY = "1,2";
				TEST_HOST = "$(BUILT_PRODUCTS_DIR)/WeatherApp.app/WeatherApp";
			};
			name = Release;
		};
		04546CC320CBC974003D41C4 /* Debug */ = {
			isa = XCBuildConfiguration;
			baseConfigurationReference = 7166697131789955B9401222 /* Pods-WeatherAppUITests.debug.xcconfig */;
			buildSettings = {
				ALWAYS_EMBED_SWIFT_STANDARD_LIBRARIES = YES;
				CODE_SIGN_STYLE = Automatic;
				INFOPLIST_FILE = WeatherAppUITests/Info.plist;
				LD_RUNPATH_SEARCH_PATHS = "$(inherited) @executable_path/Frameworks @loader_path/Frameworks";
				PRODUCT_BUNDLE_IDENTIFIER = roman.com.WeatherAppUITests;
				PRODUCT_NAME = "$(TARGET_NAME)";
				SWIFT_VERSION = 4.2;
				TARGETED_DEVICE_FAMILY = "1,2";
				TEST_TARGET_NAME = WeatherApp;
			};
			name = Debug;
		};
		04546CC420CBC974003D41C4 /* Release */ = {
			isa = XCBuildConfiguration;
			baseConfigurationReference = 076E442521CA45A1BE5A2F4F /* Pods-WeatherAppUITests.release.xcconfig */;
			buildSettings = {
				ALWAYS_EMBED_SWIFT_STANDARD_LIBRARIES = YES;
				CODE_SIGN_STYLE = Automatic;
				INFOPLIST_FILE = WeatherAppUITests/Info.plist;
				LD_RUNPATH_SEARCH_PATHS = "$(inherited) @executable_path/Frameworks @loader_path/Frameworks";
				PRODUCT_BUNDLE_IDENTIFIER = roman.com.WeatherAppUITests;
				PRODUCT_NAME = "$(TARGET_NAME)";
				SWIFT_VERSION = 4.2;
				TARGETED_DEVICE_FAMILY = "1,2";
				TEST_TARGET_NAME = WeatherApp;
			};
			name = Release;
		};
/* End XCBuildConfiguration section */

/* Begin XCConfigurationList section */
		04546C8F20CBC974003D41C4 /* Build configuration list for PBXProject "WeatherApp" */ = {
			isa = XCConfigurationList;
			buildConfigurations = (
				04546CBA20CBC974003D41C4 /* Debug */,
				04546CBB20CBC974003D41C4 /* Release */,
			);
			defaultConfigurationIsVisible = 0;
			defaultConfigurationName = Debug;
		};
		04546CBC20CBC974003D41C4 /* Build configuration list for PBXNativeTarget "WeatherApp" */ = {
			isa = XCConfigurationList;
			buildConfigurations = (
				04546CBD20CBC974003D41C4 /* Debug */,
				04546CBE20CBC974003D41C4 /* Release */,
			);
			defaultConfigurationIsVisible = 0;
			defaultConfigurationName = Debug;
		};
		04546CBF20CBC974003D41C4 /* Build configuration list for PBXNativeTarget "WeatherAppTests" */ = {
			isa = XCConfigurationList;
			buildConfigurations = (
				04546CC020CBC974003D41C4 /* Debug */,
				04546CC120CBC974003D41C4 /* Release */,
			);
			defaultConfigurationIsVisible = 0;
			defaultConfigurationName = Debug;
		};
		04546CC220CBC974003D41C4 /* Build configuration list for PBXNativeTarget "WeatherAppUITests" */ = {
			isa = XCConfigurationList;
			buildConfigurations = (
				04546CC320CBC974003D41C4 /* Debug */,
				04546CC420CBC974003D41C4 /* Release */,
			);
			defaultConfigurationIsVisible = 0;
			defaultConfigurationName = Debug;
		};
/* End XCConfigurationList section */
	};
	rootObject = 04546C8C20CBC974003D41C4 /* Project object */;
}
